lockVersion: 2.0.0
id: e132c12b-d020-4952-a793-0f36d13d6b13
management:
  docChecksum: 2554149823bfd7b4f9664a81d29a1aea
  docVersion: "1.0"
  speakeasyVersion: internal
  generationVersion: 2.225.2
  releaseVersion: 2.1.1
  configChecksum: 766434974c99971ad1d64501cdbeb6bc
  repoURL: https://github.com/speakeasy-sdks/petstore.git
  repoSubDirectory: .
  installationURL: https://github.com/speakeasy-sdks/petstore
features:
  typescript:
    core: 3.4.1
    globalSecurity: 2.82.2
    globalServerURLs: 2.82.1
generatedFiles:
  - src/sdk/animals.ts
  - src/sdk/birds.ts
  - src/sdk/sdk.ts
  - .eslintrc.yml
  - jest.config.js
  - package-lock.json
  - package.json
  - src/index.ts
  - src/internal/utils/contenttype.ts
  - src/internal/utils/headers.ts
  - src/internal/utils/index.ts
  - src/internal/utils/pathparams.ts
  - src/internal/utils/queryparams.ts
  - src/internal/utils/requestbody.ts
  - src/internal/utils/retries.ts
  - src/internal/utils/security.ts
  - src/internal/utils/utils.ts
  - src/sdk/index.ts
  - src/sdk/models/errors/sdkerror.ts
  - src/sdk/types/index.ts
  - src/sdk/types/rfcdate.ts
  - tsconfig.json
  - src/sdk/models/operations/createanimal.ts
  - src/sdk/models/operations/createlivingthings.ts
  - src/sdk/models/operations/deleteanimalsbyid.ts
  - src/sdk/models/operations/getallanimals.ts
  - src/sdk/models/operations/getalllivingthings.ts
  - src/sdk/models/operations/updateanimalsbyid.ts
  - src/sdk/models/operations/createnewbird.ts
  - src/sdk/models/shared/error.ts
  - src/sdk/models/shared/animals.ts
  - src/sdk/models/shared/complexobject.ts
  - src/sdk/models/shared/pagination.ts
  - src/sdk/models/shared/nestedbird.ts
  - src/sdk/models/shared/security.ts
  - src/sdk/models/errors/index.ts
  - src/sdk/models/operations/index.ts
  - src/sdk/models/shared/index.ts
  - docs/sdk/models/operations/createanimalrequestbody.md
  - docs/sdk/models/operations/createanimalresponse.md
  - docs/sdk/models/operations/createlivingthingsresponse.md
  - docs/sdk/models/operations/deleteanimalsbyidrequest.md
  - docs/sdk/models/operations/deleteanimalsbyidresponse.md
  - docs/sdk/models/operations/getallanimalsrequest.md
  - docs/sdk/models/operations/getallanimalsresponse.md
  - docs/sdk/models/operations/getalllivingthingsrequest.md
  - docs/sdk/models/operations/getalllivingthingsresponse.md
  - docs/sdk/models/operations/updateanimalsbyidrequest.md
  - docs/sdk/models/operations/updateanimalsbyidresponse.md
  - docs/sdk/models/operations/meta.md
  - docs/sdk/models/operations/createnewbirdresponsebody.md
  - docs/sdk/models/operations/createnewbirdresponse.md
  - docs/sdk/models/shared/errort.md
  - docs/sdk/models/shared/animals.md
  - docs/sdk/models/shared/data.md
  - docs/sdk/models/shared/complexobject.md
  - docs/sdk/models/shared/pagination.md
  - docs/sdk/models/shared/unit.md
  - docs/sdk/models/shared/age.md
  - docs/sdk/models/shared/span.md
  - docs/sdk/models/shared/wings.md
  - docs/sdk/models/shared/flight.md
  - docs/sdk/models/shared/geography.md
  - docs/sdk/models/shared/location.md
  - docs/sdk/models/shared/nestedbird.md
  - docs/sdk/models/shared/security.md
  - docs/sdks/pb/README.md
  - docs/sdks/animals/README.md
  - docs/sdks/birds/README.md
  - USAGE.md
  - .gitattributes
